<Solution>
  <Folder Name="/WinterForge/">
    <Project Path="../WinterRose.WinterForge/src/WinterRose.Reflection/WinterRose.Reflection.csproj" />
    <Project Path="../WinterRose.WinterForge/src/WinterRose.WinterForge/WinterRose.WinterForge.csproj" />
  </Folder>
  <Project Path="../WinterRose-Development/WinterRose.Diff/WinterRose.Diff.csproj" />
  <Project Path="WinterRoseWebApp/WinterRoseWebApp.csproj" />
</Solution>
